
Microsoft Visual Studio Solution File, Format Version 12.00
# Visual Studio Version 17
VisualStudioVersion = 17.4.33213.308
MinimumVisualStudioVersion = 10.0.40219.1
Project("{2150E333-8FDC-42A3-9474-1A3956D46DE8}") = "Applications", "Applications", "{2F14403E-9574-4FCA-AD15-0244F815CE8D}"
EndProject
Project("{2150E333-8FDC-42A3-9474-1A3956D46DE8}") = "Libraries", "Libraries", "{5E4C01F2-D2E4-4611-A6E1-1BA13265E40C}"
EndProject
Project("{FAE04EC0-301F-11D3-BF4B-00C04F79EFBC}") = "20T1080027.Web", "20T1080027.Web\20T1080027.Web.csproj", "{1F4C8021-A51E-4AF9-96F3-E37C376BD6BA}"
EndProject
Project("{FAE04EC0-301F-11D3-BF4B-00C04F79EFBC}") = "20T1080027.DomainModels", "20T1080027.DomainModels\20T1080027.DomainModels.csproj", "{E88E884C-7B36-48C2-99FA-8481CA661786}"
EndProject
Project("{FAE04EC0-301F-11D3-BF4B-00C04F79EFBC}") = "20T1080027.DataLayers", "20T1080027.DataLayers\20T1080027.DataLayers.csproj", "{CCFC06C0-F06B-4058-9AF4-0ACBDD9399E3}"
EndProject
Project("{FAE04EC0-301F-11D3-BF4B-00C04F79EFBC}") = "20T1080027.BusinessLayers", "20T1080027.BusinessLayers\20T1080027.BusinessLayers.csproj", "{0E4DDB6E-5434-4AA0-96B5-DEA14051F536}"
EndProject
Global
	GlobalSection(SolutionConfigurationPlatforms) = preSolution
		Debug|Any CPU = Debug|Any CPU
		Release|Any CPU = Release|Any CPU
	EndGlobalSection
	GlobalSection(ProjectConfigurationPlatforms) = postSolution
		{1F4C8021-A51E-4AF9-96F3-E37C376BD6BA}.Debug|Any CPU.ActiveCfg = Debug|Any CPU
		{1F4C8021-A51E-4AF9-96F3-E37C376BD6BA}.Debug|Any CPU.Build.0 = Debug|Any CPU
		{1F4C8021-A51E-4AF9-96F3-E37C376BD6BA}.Release|Any CPU.ActiveCfg = Release|Any CPU
		{1F4C8021-A51E-4AF9-96F3-E37C376BD6BA}.Release|Any CPU.Build.0 = Release|Any CPU
		{E88E884C-7B36-48C2-99FA-8481CA661786}.Debug|Any CPU.ActiveCfg = Debug|Any CPU
		{E88E884C-7B36-48C2-99FA-8481CA661786}.Debug|Any CPU.Build.0 = Debug|Any CPU
		{E88E884C-7B36-48C2-99FA-8481CA661786}.Release|Any CPU.ActiveCfg = Release|Any CPU
		{E88E884C-7B36-48C2-99FA-8481CA661786}.Release|Any CPU.Build.0 = Release|Any CPU
		{CCFC06C0-F06B-4058-9AF4-0ACBDD9399E3}.Debug|Any CPU.ActiveCfg = Debug|Any CPU
		{CCFC06C0-F06B-4058-9AF4-0ACBDD9399E3}.Debug|Any CPU.Build.0 = Debug|Any CPU
		{CCFC06C0-F06B-4058-9AF4-0ACBDD9399E3}.Release|Any CPU.ActiveCfg = Release|Any CPU
		{CCFC06C0-F06B-4058-9AF4-0ACBDD9399E3}.Release|Any CPU.Build.0 = Release|Any CPU
		{0E4DDB6E-5434-4AA0-96B5-DEA14051F536}.Debug|Any CPU.ActiveCfg = Debug|Any CPU
		{0E4DDB6E-5434-4AA0-96B5-DEA14051F536}.Debug|Any CPU.Build.0 = Debug|Any CPU
		{0E4DDB6E-5434-4AA0-96B5-DEA14051F536}.Release|Any CPU.ActiveCfg = Release|Any CPU
		{0E4DDB6E-5434-4AA0-96B5-DEA14051F536}.Release|Any CPU.Build.0 = Release|Any CPU
	EndGlobalSection
	GlobalSection(SolutionProperties) = preSolution
		HideSolutionNode = FALSE
	EndGlobalSection
	GlobalSection(NestedProjects) = preSolution
		{1F4C8021-A51E-4AF9-96F3-E37C376BD6BA} = {2F14403E-9574-4FCA-AD15-0244F815CE8D}
		{E88E884C-7B36-48C2-99FA-8481CA661786} = {5E4C01F2-D2E4-4611-A6E1-1BA13265E40C}
		{CCFC06C0-F06B-4058-9AF4-0ACBDD9399E3} = {5E4C01F2-D2E4-4611-A6E1-1BA13265E40C}
		{0E4DDB6E-5434-4AA0-96B5-DEA14051F536} = {5E4C01F2-D2E4-4611-A6E1-1BA13265E40C}
	EndGlobalSection
	GlobalSection(ExtensibilityGlobals) = postSolution
		SolutionGuid = {F5F4EEF1-45EC-4D35-93D2-EAAACF1B3BBB}
	EndGlobalSection
EndGlobal
